
Microsoft Visual Studio Solution File, Format Version 12.00
# Visual Studio Version 17
VisualStudioVersion = 17.9.34622.214
MinimumVisualStudioVersion = 10.0.40219.1
Project("{FAE04EC0-301F-11D3-BF4B-00C04F79EFBC}") = "RACEGAME", "RACEGAME\RACEGAME.csproj", "{734257FF-1FA5-4EE9-ADED-646C83829DEB}"
EndProject
Global
	GlobalSection(SolutionConfigurationPlatforms) = preSolution
		Debug|Any CPU = Debug|Any CPU
		Release|Any CPU = Release|Any CPU
	EndGlobalSection
	GlobalSection(ProjectConfigurationPlatforms) = postSolution
		{734257FF-1FA5-4EE9-ADED-646C83829DEB}.Debug|Any CPU.ActiveCfg = Debug|Any CPU
		{734257FF-1FA5-4EE9-ADED-646C83829DEB}.Debug|Any CPU.Build.0 = Debug|Any CPU
		{734257FF-1FA5-4EE9-ADED-646C83829DEB}.Release|Any CPU.ActiveCfg = Release|Any CPU
		{734257FF-1FA5-4EE9-ADED-646C83829DEB}.Release|Any CPU.Build.0 = Release|Any CPU
	EndGlobalSection
	GlobalSection(SolutionProperties) = preSolution
		HideSolutionNode = FALSE
	EndGlobalSection
	GlobalSection(ExtensibilityGlobals) = postSolution
		SolutionGuid = {E0BC6BAD-FDEC-44EA-81B5-B2CB76826E87}
	EndGlobalSection
EndGlobal
